// !$*UTF8*$!
{
	archiveVersion = 1;
	classes = {
	};
	objectVersion = 50;
	objects = {

/* Begin PBXBuildFile section */
		615FEB5025A628D200541D34 /* AppDelegate.swift in Sources */ = {isa = PBXBuildFile; fileRef = 615FEB4F25A628D200541D34 /* AppDelegate.swift */; };
		615FEB5225A628D200541D34 /* SceneDelegate.swift in Sources */ = {isa = PBXBuildFile; fileRef = 615FEB5125A628D200541D34 /* SceneDelegate.swift */; };
		615FEB5425A628D200541D34 /* ViewController.swift in Sources */ = {isa = PBXBuildFile; fileRef = 615FEB5325A628D200541D34 /* ViewController.swift */; };
		615FEB5725A628D200541D34 /* Main.storyboard in Resources */ = {isa = PBXBuildFile; fileRef = 615FEB5525A628D200541D34 /* Main.storyboard */; };
		615FEB5925A628D300541D34 /* Assets.xcassets in Resources */ = {isa = PBXBuildFile; fileRef = 615FEB5825A628D300541D34 /* Assets.xcassets */; };
		615FEB5C25A628D300541D34 /* LaunchScreen.storyboard in Resources */ = {isa = PBXBuildFile; fileRef = 615FEB5A25A628D300541D34 /* LaunchScreen.storyboard */; };
		615FEB6C25A6295C00541D34 /* MainTabViewController.swift in Sources */ = {isa = PBXBuildFile; fileRef = 615FEB6B25A6295C00541D34 /* MainTabViewController.swift */; };
/* End PBXBuildFile section */

/* Begin PBXFileReference section */
		615FEB4C25A628D200541D34 /* IGFirestoreTutorial.app */ = {isa = PBXFileReference; explicitFileType = wrapper.application; includeInIndex = 0; path = IGFirestoreTutorial.app; sourceTree = BUILT_PRODUCTS_DIR; };
		615FEB4F25A628D200541D34 /* AppDelegate.swift */ = {isa = PBXFileReference; lastKnownFileType = sourcecode.swift; path = AppDelegate.swift; sourceTree = "<group>"; };
		615FEB5125A628D200541D34 /* SceneDelegate.swift */ = {isa = PBXFileReference; lastKnownFileType = sourcecode.swift; path = SceneDelegate.swift; sourceTree = "<group>"; };
		615FEB5325A628D200541D34 /* ViewController.swift */ = {isa = PBXFileReference; lastKnownFileType = sourcecode.swift; path = ViewController.swift; sourceTree = "<group>"; };
		615FEB5625A628D200541D34 /* Base */ = {isa = PBXFileReference; lastKnownFileType = file.storyboard; name = Base; path = Base.lproj/Main.storyboard; sourceTree = "<group>"; };
		615FEB5825A628D300541D34 /* Assets.xcassets */ = {isa = PBXFileReference; lastKnownFileType = folder.assetcatalog; path = Assets.xcassets; sourceTree = "<group>"; };
		615FEB5B25A628D300541D34 /* Base */ = {isa = PBXFileReference; lastKnownFileType = file.storyboard; name = Base; path = Base.lproj/LaunchScreen.storyboard; sourceTree = "<group>"; };
		615FEB5D25A628D300541D34 /* Info.plist */ = {isa = PBXFileReference; lastKnownFileType = text.plist.xml; path = Info.plist; sourceTree = "<group>"; };
		615FEB6B25A6295C00541D34 /* MainTabViewController.swift */ = {isa = PBXFileReference; lastKnownFileType = sourcecode.swift; path = MainTabViewController.swift; sourceTree = "<group>"; };
/* End PBXFileReference section */

/* Begin PBXFrameworksBuildPhase section */
		615FEB4925A628D200541D34 /* Frameworks */ = {
			isa = PBXFrameworksBuildPhase;
			buildActionMask = 2147483647;
			files = (
			);
			runOnlyForDeploymentPostprocessing = 0;
		};
/* End PBXFrameworksBuildPhase section */

/* Begin PBXGroup section */
		615FEB4325A628D200541D34 = {
			isa = PBXGroup;
			children = (
				615FEB4E25A628D200541D34 /* IGFirestoreTutorial */,
				615FEB4D25A628D200541D34 /* Products */,
			);
			sourceTree = "<group>";
		};
		615FEB4D25A628D200541D34 /* Products */ = {
			isa = PBXGroup;
			children = (
				615FEB4C25A628D200541D34 /* IGFirestoreTutorial.app */,
			);
			name = Products;
			sourceTree = "<group>";
		};
		615FEB4E25A628D200541D34 /* IGFirestoreTutorial */ = {
			isa = PBXGroup;
			children = (
				615FEB6A25A6292500541D34 /* Model */,
				615FEB6925A6292300541D34 /* View */,
				615FEB6825A6291F00541D34 /* ViewModel */,
				615FEB6725A6291B00541D34 /* ViewController */,
				615FEB6625A6291700541D34 /* API */,
				615FEB6425A6290900541D34 /* Utils */,
				615FEB4F25A628D200541D34 /* AppDelegate.swift */,
				615FEB5125A628D200541D34 /* SceneDelegate.swift */,
				615FEB5325A628D200541D34 /* ViewController.swift */,
				615FEB5525A628D200541D34 /* Main.storyboard */,
				615FEB5825A628D300541D34 /* Assets.xcassets */,
				615FEB5A25A628D300541D34 /* LaunchScreen.storyboard */,
				615FEB5D25A628D300541D34 /* Info.plist */,
			);
			path = IGFirestoreTutorial;
			sourceTree = "<group>";
		};
		615FEB6425A6290900541D34 /* Utils */ = {
			isa = PBXGroup;
			children = (
			);
			path = Utils;
			sourceTree = "<group>";
		};
		615FEB6625A6291700541D34 /* API */ = {
			isa = PBXGroup;
			children = (
			);
			path = API;
			sourceTree = "<group>";
		};
		615FEB6725A6291B00541D34 /* ViewController */ = {
			isa = PBXGroup;
			children = (
				615FEB6B25A6295C00541D34 /* MainTabViewController.swift */,
			);
			path = ViewController;
			sourceTree = "<group>";
		};
		615FEB6825A6291F00541D34 /* ViewModel */ = {
			isa = PBXGroup;
			children = (
			);
			path = ViewModel;
			sourceTree = "<group>";
		};
		615FEB6925A6292300541D34 /* View */ = {
			isa = PBXGroup;
			children = (
			);
			path = View;
			sourceTree = "<group>";
		};
		615FEB6A25A6292500541D34 /* Model */ = {
			isa = PBXGroup;
			children = (
			);
			path = Model;
			sourceTree = "<group>";
		};
/* End PBXGroup section */

/* Begin PBXNativeTarget section */
		615FEB4B25A628D200541D34 /* IGFirestoreTutorial */ = {
			isa = PBXNativeTarget;
			buildConfigurationList = 615FEB6025A628D300541D34 /* Build configuration list for PBXNativeTarget "IGFirestoreTutorial" */;
			buildPhases = (
				615FEB4825A628D200541D34 /* Sources */,
				615FEB4925A628D200541D34 /* Frameworks */,
				615FEB4A25A628D200541D34 /* Resources */,
			);
			buildRules = (
			);
			dependencies = (
			);
			name = IGFirestoreTutorial;
			productName = IGFirestoreTutorial;
			productReference = 615FEB4C25A628D200541D34 /* IGFirestoreTutorial.app */;
			productType = "com.apple.product-type.application";
		};
/* End PBXNativeTarget section */

/* Begin PBXProject section */
		615FEB4425A628D200541D34 /* Project object */ = {
			isa = PBXProject;
			attributes = {
				LastSwiftUpdateCheck = 1230;
				LastUpgradeCheck = 1230;
				TargetAttributes = {
					615FEB4B25A628D200541D34 = {
						CreatedOnToolsVersion = 12.3;
					};
				};
			};
			buildConfigurationList = 615FEB4725A628D200541D34 /* Build configuration list for PBXProject "IGFirestoreTutorial" */;
			compatibilityVersion = "Xcode 9.3";
			developmentRegion = en;
			hasScannedForEncodings = 0;
			knownRegions = (
				en,
				Base,
			);
			mainGroup = 615FEB4325A628D200541D34;
			productRefGroup = 615FEB4D25A628D200541D34 /* Products */;
			projectDirPath = "";
			projectRoot = "";
			targets = (
				615FEB4B25A628D200541D34 /* IGFirestoreTutorial */,
			);
		};
/* End PBXProject section */

/* Begin PBXResourcesBuildPhase section */
		615FEB4A25A628D200541D34 /* Resources */ = {
			isa = PBXResourcesBuildPhase;
			buildActionMask = 2147483647;
			files = (
				615FEB5C25A628D300541D34 /* LaunchScreen.storyboard in Resources */,
				615FEB5925A628D300541D34 /* Assets.xcassets in Resources */,
				615FEB5725A628D200541D34 /* Main.storyboard in Resources */,
			);
			runOnlyForDeploymentPostprocessing = 0;
		};
/* End PBXResourcesBuildPhase section */

/* Begin PBXSourcesBuildPhase section */
		615FEB4825A628D200541D34 /* Sources */ = {
			isa = PBXSourcesBuildPhase;
			buildActionMask = 2147483647;
			files = (
				615FEB5425A628D200541D34 /* ViewController.swift in Sources */,
				615FEB6C25A6295C00541D34 /* MainTabViewController.swift in Sources */,
				615FEB5025A628D200541D34 /* AppDelegate.swift in Sources */,
				615FEB5225A628D200541D34 /* SceneDelegate.swift in Sources */,
			);
			runOnlyForDeploymentPostprocessing = 0;
		};
/* End PBXSourcesBuildPhase section */

/* Begin PBXVariantGroup section */
		615FEB5525A628D200541D34 /* Main.storyboard */ = {
			isa = PBXVariantGroup;
			children = (
				615FEB5625A628D200541D34 /* Base */,
			);
			name = Main.storyboard;
			sourceTree = "<group>";
		};
		615FEB5A25A628D300541D34 /* LaunchScreen.storyboard */ = {
			isa = PBXVariantGroup;
			children = (
				615FEB5B25A628D300541D34 /* Base */,
			);
			name = LaunchScreen.storyboard;
			sourceTree = "<group>";
		};
/* End PBXVariantGroup section */

/* Begin XCBuildConfiguration section */
		615FEB5E25A628D300541D34 /* Debug */ = {
			isa = XCBuildConfiguration;
			buildSettings = {
				ALWAYS_SEARCH_USER_PATHS = NO;
				CLANG_ANALYZER_NONNULL = YES;
				CLANG_ANALYZER_NUMBER_OBJECT_CONVERSION = YES_AGGRESSIVE;
				CLANG_CXX_LANGUAGE_STANDARD = "gnu++14";
				CLANG_CXX_LIBRARY = "libc++";
				CLANG_ENABLE_MODULES = YES;
				CLANG_ENABLE_OBJC_ARC = YES;
				CLANG_ENABLE_OBJC_WEAK = YES;
				CLANG_WARN_BLOCK_CAPTURE_AUTORELEASING = YES;
				CLANG_WARN_BOOL_CONVERSION = YES;
				CLANG_WARN_COMMA = YES;
				CLANG_WARN_CONSTANT_CONVERSION = YES;
				CLANG_WARN_DEPRECATED_OBJC_IMPLEMENTATIONS = YES;
				CLANG_WARN_DIRECT_OBJC_ISA_USAGE = YES_ERROR;
				CLANG_WARN_DOCUMENTATION_COMMENTS = YES;
				CLANG_WARN_EMPTY_BODY = YES;
				CLANG_WARN_ENUM_CONVERSION = YES;
				CLANG_WARN_INFINITE_RECURSION = YES;
				CLANG_WARN_INT_CONVERSION = YES;
				CLANG_WARN_NON_LITERAL_NULL_CONVERSION = YES;
				CLANG_WARN_OBJC_IMPLICIT_RETAIN_SELF = YES;
				CLANG_WARN_OBJC_LITERAL_CONVERSION = YES;
				CLANG_WARN_OBJC_ROOT_CLASS = YES_ERROR;
				CLANG_WARN_QUOTED_INCLUDE_IN_FRAMEWORK_HEADER = YES;
				CLANG_WARN_RANGE_LOOP_ANALYSIS = YES;
				CLANG_WARN_STRICT_PROTOTYPES = YES;
				CLANG_WARN_SUSPICIOUS_MOVE = YES;
				CLANG_WARN_UNGUARDED_AVAILABILITY = YES_AGGRESSIVE;
				CLANG_WARN_UNREACHABLE_CODE = YES;
				CLANG_WARN__DUPLICATE_METHOD_MATCH = YES;
				COPY_PHASE_STRIP = NO;
				DEBUG_INFORMATION_FORMAT = dwarf;
				ENABLE_STRICT_OBJC_MSGSEND = YES;
				ENABLE_TESTABILITY = YES;
				GCC_C_LANGUAGE_STANDARD = gnu11;
				GCC_DYNAMIC_NO_PIC = NO;
				GCC_NO_COMMON_BLOCKS = YES;
				GCC_OPTIMIZATION_LEVEL = 0;
				GCC_PREPROCESSOR_DEFINITIONS = (
					"DEBUG=1",
					"$(inherited)",
				);
				GCC_WARN_64_TO_32_BIT_CONVERSION = YES;
				GCC_WARN_ABOUT_RETURN_TYPE = YES_ERROR;
				GCC_WARN_UNDECLARED_SELECTOR = YES;
				GCC_WARN_UNINITIALIZED_AUTOS = YES_AGGRESSIVE;
				GCC_WARN_UNUSED_FUNCTION = YES;
				GCC_WARN_UNUSED_VARIABLE = YES;
				IPHONEOS_DEPLOYMENT_TARGET = 14.3;
				MTL_ENABLE_DEBUG_INFO = INCLUDE_SOURCE;
				MTL_FAST_MATH = YES;
				ONLY_ACTIVE_ARCH = YES;
				SDKROOT = iphoneos;
				SWIFT_ACTIVE_COMPILATION_CONDITIONS = DEBUG;
				SWIFT_OPTIMIZATION_LEVEL = "-Onone";
			};
			name = Debug;
		};
		615FEB5F25A628D300541D34 /* Release */ = {
			isa = XCBuildConfiguration;
			buildSettings = {
				ALWAYS_SEARCH_USER_PATHS = NO;
				CLANG_ANALYZER_NONNULL = YES;
				CLANG_ANALYZER_NUMBER_OBJECT_CONVERSION = YES_AGGRESSIVE;
				CLANG_CXX_LANGUAGE_STANDARD = "gnu++14";
				CLANG_CXX_LIBRARY = "libc++";
				CLANG_ENABLE_MODULES = YES;
				CLANG_ENABLE_OBJC_ARC = YES;
				CLANG_ENABLE_OBJC_WEAK = YES;
				CLANG_WARN_BLOCK_CAPTURE_AUTORELEASING = YES;
				CLANG_WARN_BOOL_CONVERSION = YES;
				CLANG_WARN_COMMA = YES;
				CLANG_WARN_CONSTANT_CONVERSION = YES;
				CLANG_WARN_DEPRECATED_OBJC_IMPLEMENTATIONS = YES;
				CLANG_WARN_DIRECT_OBJC_ISA_USAGE = YES_ERROR;
				CLANG_WARN_DOCUMENTATION_COMMENTS = YES;
				CLANG_WARN_EMPTY_BODY = YES;
				CLANG_WARN_ENUM_CONVERSION = YES;
				CLANG_WARN_INFINITE_RECURSION = YES;
				CLANG_WARN_INT_CONVERSION = YES;
				CLANG_WARN_NON_LITERAL_NULL_CONVERSION = YES;
				CLANG_WARN_OBJC_IMPLICIT_RETAIN_SELF = YES;
				CLANG_WARN_OBJC_LITERAL_CONVERSION = YES;
				CLANG_WARN_OBJC_ROOT_CLASS = YES_ERROR;
				CLANG_WARN_QUOTED_INCLUDE_IN_FRAMEWORK_HEADER = YES;
				CLANG_WARN_RANGE_LOOP_ANALYSIS = YES;
				CLANG_WARN_STRICT_PROTOTYPES = YES;
				CLANG_WARN_SUSPICIOUS_MOVE = YES;
				CLANG_WARN_UNGUARDED_AVAILABILITY = YES_AGGRESSIVE;
				CLANG_WARN_UNREACHABLE_CODE = YES;
				CLANG_WARN__DUPLICATE_METHOD_MATCH = YES;
				COPY_PHASE_STRIP = NO;
				DEBUG_INFORMATION_FORMAT = "dwarf-with-dsym";
				ENABLE_NS_ASSERTIONS = NO;
				ENABLE_STRICT_OBJC_MSGSEND = YES;
				GCC_C_LANGUAGE_STANDARD = gnu11;
				GCC_NO_COMMON_BLOCKS = YES;
				GCC_WARN_64_TO_32_BIT_CONVERSION = YES;
				GCC_WARN_ABOUT_RETURN_TYPE = YES_ERROR;
				GCC_WARN_UNDECLARED_SELECTOR = YES;
				GCC_WARN_UNINITIALIZED_AUTOS = YES_AGGRESSIVE;
				GCC_WARN_UNUSED_FUNCTION = YES;
				GCC_WARN_UNUSED_VARIABLE = YES;
				IPHONEOS_DEPLOYMENT_TARGET = 14.3;
				MTL_ENABLE_DEBUG_INFO = NO;
				MTL_FAST_MATH = YES;
				SDKROOT = iphoneos;
				SWIFT_COMPILATION_MODE = wholemodule;
				SWIFT_OPTIMIZATION_LEVEL = "-O";
				VALIDATE_PRODUCT = YES;
			};
			name = Release;
		};
		615FEB6125A628D300541D34 /* Debug */ = {
			isa = XCBuildConfiguration;
			buildSettings = {
				ASSETCATALOG_COMPILER_APPICON_NAME = AppIcon;
				ASSETCATALOG_COMPILER_GLOBAL_ACCENT_COLOR_NAME = AccentColor;
				CODE_SIGN_STYLE = Automatic;
				DEVELOPMENT_TEAM = 9KQ925N3K3;
				INFOPLIST_FILE = IGFirestoreTutorial/Info.plist;
				LD_RUNPATH_SEARCH_PATHS = (
					"$(inherited)",
					"@executable_path/Frameworks",
				);
				PRODUCT_BUNDLE_IDENTIFIER = com.jaydan.IGFirestoreTutorial;
				PRODUCT_NAME = "$(TARGET_NAME)";
				SWIFT_VERSION = 5.0;
				TARGETED_DEVICE_FAMILY = "1,2";
			};
			name = Debug;
		};
		615FEB6225A628D300541D34 /* Release */ = {
			isa = XCBuildConfiguration;
			buildSettings = {
				ASSETCATALOG_COMPILER_APPICON_NAME = AppIcon;
				ASSETCATALOG_COMPILER_GLOBAL_ACCENT_COLOR_NAME = AccentColor;
				CODE_SIGN_STYLE = Automatic;
				DEVELOPMENT_TEAM = 9KQ925N3K3;
				INFOPLIST_FILE = IGFirestoreTutorial/Info.plist;
				LD_RUNPATH_SEARCH_PATHS = (
					"$(inherited)",
					"@executable_path/Frameworks",
				);
				PRODUCT_BUNDLE_IDENTIFIER = com.jaydan.IGFirestoreTutorial;
				PRODUCT_NAME = "$(TARGET_NAME)";
				SWIFT_VERSION = 5.0;
				TARGETED_DEVICE_FAMILY = "1,2";
			};
			name = Release;
		};
/* End XCBuildConfiguration section */

/* Begin XCConfigurationList section */
		615FEB4725A628D200541D34 /* Build configuration list for PBXProject "IGFirestoreTutorial" */ = {
			isa = XCConfigurationList;
			buildConfigurations = (
				615FEB5E25A628D300541D34 /* Debug */,
				615FEB5F25A628D300541D34 /* Release */,
			);
			defaultConfigurationIsVisible = 0;
			defaultConfigurationName = Release;
		};
		615FEB6025A628D300541D34 /* Build configuration list for PBXNativeTarget "IGFirestoreTutorial" */ = {
			isa = XCConfigurationList;
			buildConfigurations = (
				615FEB6125A628D300541D34 /* Debug */,
				615FEB6225A628D300541D34 /* Release */,
			);
			defaultConfigurationIsVisible = 0;
			defaultConfigurationName = Release;
		};
/* End XCConfigurationList section */
	};
	rootObject = 615FEB4425A628D200541D34 /* Project object */;
}
